#
# This file is autogenerated by pip-compile with Python 3.9
# by the following command:
#
#    pip-compile --output-file=requirements.lock requirements.txt
#
numpy==1.24.0
    # via
    #   -r requirements.txt
    #   pandas
pandas==2.1.0
    # via -r requirements.txt
polars==0.19.0
    # via -r requirements.txt
python-dateutil==2.9.0.post0
    # via pandas
pytz==2024.1
    # via
    #   -r requirements.txt
    #   pandas
six==1.17.0
    # via python-dateutil
tzdata==2025.1
    # via pandas
